
Microsoft Visual Studio Solution File, Format Version 12.00
# Visual Studio Version 16
VisualStudioVersion = 16.0.30413.136
MinimumVisualStudioVersion = 10.0.40219.1
Project("{FAE04EC0-301F-11D3-BF4B-00C04F79EFBC}") = "AsymEncrypt", "AsymEncrypt\AsymEncrypt.csproj", "{03BE798B-232D-43C9-995D-FB1DA0DC32F5}"
EndProject
Project("{FAE04EC0-301F-11D3-BF4B-00C04F79EFBC}") = "AsymEncryptServ", "AsymEncryptServ\AsymEncryptServ.csproj", "{CC16BC1F-E8F0-49B6-8417-C2EC07775494}"
EndProject
Global
	GlobalSection(SolutionConfigurationPlatforms) = preSolution
		Debug|Any CPU = Debug|Any CPU
		Release|Any CPU = Release|Any CPU
	EndGlobalSection
	GlobalSection(ProjectConfigurationPlatforms) = postSolution
		{03BE798B-232D-43C9-995D-FB1DA0DC32F5}.Debug|Any CPU.ActiveCfg = Debug|Any CPU
		{03BE798B-232D-43C9-995D-FB1DA0DC32F5}.Debug|Any CPU.Build.0 = Debug|Any CPU
		{03BE798B-232D-43C9-995D-FB1DA0DC32F5}.Release|Any CPU.ActiveCfg = Release|Any CPU
		{03BE798B-232D-43C9-995D-FB1DA0DC32F5}.Release|Any CPU.Build.0 = Release|Any CPU
		{CC16BC1F-E8F0-49B6-8417-C2EC07775494}.Debug|Any CPU.ActiveCfg = Debug|Any CPU
		{CC16BC1F-E8F0-49B6-8417-C2EC07775494}.Debug|Any CPU.Build.0 = Debug|Any CPU
		{CC16BC1F-E8F0-49B6-8417-C2EC07775494}.Release|Any CPU.ActiveCfg = Release|Any CPU
		{CC16BC1F-E8F0-49B6-8417-C2EC07775494}.Release|Any CPU.Build.0 = Release|Any CPU
	EndGlobalSection
	GlobalSection(SolutionProperties) = preSolution
		HideSolutionNode = FALSE
	EndGlobalSection
	GlobalSection(ExtensibilityGlobals) = postSolution
		SolutionGuid = {DAC0E1B1-7C60-447D-B075-5B6079132232}
	EndGlobalSection
EndGlobal
